
Microsoft Visual Studio Solution File, Format Version 12.00
# Visual Studio 15
VisualStudioVersion = 15.0.27130.2036
MinimumVisualStudioVersion = 10.0.40219.1
Project("{FAE04EC0-301F-11D3-BF4B-00C04F79EFBC}") = "LibTester", "LibTester\LibTester.csproj", "{67BC8352-BF77-4B11-AFBD-C23033959F00}"
EndProject
Project("{FAE04EC0-301F-11D3-BF4B-00C04F79EFBC}") = "DLLPublisher", "DLLPublisher\DLLPublisher.csproj", "{A9C7213D-B615-4515-B501-21AFF2A5E56B}"
EndProject
Project("{FAE04EC0-301F-11D3-BF4B-00C04F79EFBC}") = "GKit", "GKit\GKit.csproj", "{78444AB0-C0F2-4B7A-8F4F-9173011274B0}"
EndProject
Project("{FAE04EC0-301F-11D3-BF4B-00C04F79EFBC}") = "GKit.IOPlus.Json", "GKit.JsonPlus\GKit.IOPlus.Json.csproj", "{0C330C44-8224-463A-A572-A962BD01ADBF}"
EndProject
Project("{FAE04EC0-301F-11D3-BF4B-00C04F79EFBC}") = "GKit.IOPlus.SQLite", "GKit.IOPlus.SQLite\GKit.IOPlus.SQLite.csproj", "{53259183-0444-4256-A993-55E4E3D80409}"
EndProject
Global
	GlobalSection(SolutionConfigurationPlatforms) = preSolution
		Debug|Any CPU = Debug|Any CPU
		Release|Any CPU = Release|Any CPU
		Unity|Any CPU = Unity|Any CPU
		WPF|Any CPU = WPF|Any CPU
	EndGlobalSection
	GlobalSection(ProjectConfigurationPlatforms) = postSolution
		{67BC8352-BF77-4B11-AFBD-C23033959F00}.Debug|Any CPU.ActiveCfg = WPF|Any CPU
		{67BC8352-BF77-4B11-AFBD-C23033959F00}.Debug|Any CPU.Build.0 = WPF|Any CPU
		{67BC8352-BF77-4B11-AFBD-C23033959F00}.Release|Any CPU.ActiveCfg = Unity|Any CPU
		{67BC8352-BF77-4B11-AFBD-C23033959F00}.Release|Any CPU.Build.0 = Unity|Any CPU
		{67BC8352-BF77-4B11-AFBD-C23033959F00}.Unity|Any CPU.ActiveCfg = Unity|Any CPU
		{67BC8352-BF77-4B11-AFBD-C23033959F00}.Unity|Any CPU.Build.0 = Unity|Any CPU
		{67BC8352-BF77-4B11-AFBD-C23033959F00}.WPF|Any CPU.ActiveCfg = WPF|Any CPU
		{67BC8352-BF77-4B11-AFBD-C23033959F00}.WPF|Any CPU.Build.0 = WPF|Any CPU
		{A9C7213D-B615-4515-B501-21AFF2A5E56B}.Debug|Any CPU.ActiveCfg = WPF|Any CPU
		{A9C7213D-B615-4515-B501-21AFF2A5E56B}.Debug|Any CPU.Build.0 = WPF|Any CPU
		{A9C7213D-B615-4515-B501-21AFF2A5E56B}.Release|Any CPU.ActiveCfg = Unity|Any CPU
		{A9C7213D-B615-4515-B501-21AFF2A5E56B}.Release|Any CPU.Build.0 = Unity|Any CPU
		{A9C7213D-B615-4515-B501-21AFF2A5E56B}.Unity|Any CPU.ActiveCfg = Unity|Any CPU
		{A9C7213D-B615-4515-B501-21AFF2A5E56B}.Unity|Any CPU.Build.0 = Unity|Any CPU
		{A9C7213D-B615-4515-B501-21AFF2A5E56B}.WPF|Any CPU.ActiveCfg = WPF|Any CPU
		{A9C7213D-B615-4515-B501-21AFF2A5E56B}.WPF|Any CPU.Build.0 = WPF|Any CPU
		{78444AB0-C0F2-4B7A-8F4F-9173011274B0}.Debug|Any CPU.ActiveCfg = WPF|Any CPU
		{78444AB0-C0F2-4B7A-8F4F-9173011274B0}.Debug|Any CPU.Build.0 = WPF|Any CPU
		{78444AB0-C0F2-4B7A-8F4F-9173011274B0}.Release|Any CPU.ActiveCfg = Unity|Any CPU
		{78444AB0-C0F2-4B7A-8F4F-9173011274B0}.Release|Any CPU.Build.0 = Unity|Any CPU
		{78444AB0-C0F2-4B7A-8F4F-9173011274B0}.Unity|Any CPU.ActiveCfg = Unity|Any CPU
		{78444AB0-C0F2-4B7A-8F4F-9173011274B0}.Unity|Any CPU.Build.0 = Unity|Any CPU
		{78444AB0-C0F2-4B7A-8F4F-9173011274B0}.WPF|Any CPU.ActiveCfg = WPF|Any CPU
		{78444AB0-C0F2-4B7A-8F4F-9173011274B0}.WPF|Any CPU.Build.0 = WPF|Any CPU
		{0C330C44-8224-463A-A572-A962BD01ADBF}.Debug|Any CPU.ActiveCfg = Debug|Any CPU
		{0C330C44-8224-463A-A572-A962BD01ADBF}.Debug|Any CPU.Build.0 = Debug|Any CPU
		{0C330C44-8224-463A-A572-A962BD01ADBF}.Release|Any CPU.ActiveCfg = Release|Any CPU
		{0C330C44-8224-463A-A572-A962BD01ADBF}.Release|Any CPU.Build.0 = Release|Any CPU
		{0C330C44-8224-463A-A572-A962BD01ADBF}.Unity|Any CPU.ActiveCfg = Release|Any CPU
		{0C330C44-8224-463A-A572-A962BD01ADBF}.Unity|Any CPU.Build.0 = Release|Any CPU
		{0C330C44-8224-463A-A572-A962BD01ADBF}.WPF|Any CPU.ActiveCfg = Release|Any CPU
		{0C330C44-8224-463A-A572-A962BD01ADBF}.WPF|Any CPU.Build.0 = Release|Any CPU
		{53259183-0444-4256-A993-55E4E3D80409}.Debug|Any CPU.ActiveCfg = Debug|Any CPU
		{53259183-0444-4256-A993-55E4E3D80409}.Debug|Any CPU.Build.0 = Debug|Any CPU
		{53259183-0444-4256-A993-55E4E3D80409}.Release|Any CPU.ActiveCfg = Release|Any CPU
		{53259183-0444-4256-A993-55E4E3D80409}.Release|Any CPU.Build.0 = Release|Any CPU
		{53259183-0444-4256-A993-55E4E3D80409}.Unity|Any CPU.ActiveCfg = Release|Any CPU
		{53259183-0444-4256-A993-55E4E3D80409}.Unity|Any CPU.Build.0 = Release|Any CPU
		{53259183-0444-4256-A993-55E4E3D80409}.WPF|Any CPU.ActiveCfg = Release|Any CPU
		{53259183-0444-4256-A993-55E4E3D80409}.WPF|Any CPU.Build.0 = Release|Any CPU
	EndGlobalSection
	GlobalSection(SolutionProperties) = preSolution
		HideSolutionNode = FALSE
	EndGlobalSection
	GlobalSection(ExtensibilityGlobals) = postSolution
		SolutionGuid = {8F0E0599-3516-40BE-BC8F-80FC14A9ABA0}
	EndGlobalSection
EndGlobal
