
Microsoft Visual Studio Solution File, Format Version 12.00
# Visual Studio Version 16
VisualStudioVersion = 16.0.28729.10
MinimumVisualStudioVersion = 10.0.40219.1
Project("{FAE04EC0-301F-11D3-BF4B-00C04F79EFBC}") = "GKit", "GKit\GKit.csproj", "{78444AB0-C0F2-4B7A-8F4F-9173011274B0}"
EndProject
Project("{FAE04EC0-301F-11D3-BF4B-00C04F79EFBC}") = "GKit.IOPlus.Json", "GKit.IOPlus.JsonPlus\GKit.IOPlus.Json.csproj", "{0C330C44-8224-463A-A572-A962BD01ADBF}"
EndProject
Project("{FAE04EC0-301F-11D3-BF4B-00C04F79EFBC}") = "GKit.IOPlus.SQLite", "GKit.IOPlus.SQLite\GKit.IOPlus.SQLite.csproj", "{53259183-0444-4256-A993-55E4E3D80409}"
EndProject
Project("{FAE04EC0-301F-11D3-BF4B-00C04F79EFBC}") = "GKitLab", "GKitLab\GKitLab.csproj", "{8ACCBA96-BA46-439D-86CC-826E1B03673F}"
EndProject
Project("{FAE04EC0-301F-11D3-BF4B-00C04F79EFBC}") = "ConsoleTest", "ConsoleTest\ConsoleTest.csproj", "{D95A7ADE-9532-4CDA-9577-F5BBC4B2B3B5}"
EndProject
Project("{FAE04EC0-301F-11D3-BF4B-00C04F79EFBC}") = "GKit.Unity", "GKit.Unity\GKit.Unity.csproj", "{958F842D-C748-40F0-B0D4-1A2C54CB070B}"
EndProject
Project("{FAE04EC0-301F-11D3-BF4B-00C04F79EFBC}") = "GKit.WPF", "GKit.WPF\GKit.WPF.csproj", "{896246BD-905D-4A62-90D2-54664A158656}"
EndProject
Global
	GlobalSection(SolutionConfigurationPlatforms) = preSolution
		Debug|Any CPU = Debug|Any CPU
		Release|Any CPU = Release|Any CPU
	EndGlobalSection
	GlobalSection(ProjectConfigurationPlatforms) = postSolution
		{78444AB0-C0F2-4B7A-8F4F-9173011274B0}.Debug|Any CPU.ActiveCfg = Debug|Any CPU
		{78444AB0-C0F2-4B7A-8F4F-9173011274B0}.Debug|Any CPU.Build.0 = Debug|Any CPU
		{78444AB0-C0F2-4B7A-8F4F-9173011274B0}.Release|Any CPU.ActiveCfg = Release|Any CPU
		{78444AB0-C0F2-4B7A-8F4F-9173011274B0}.Release|Any CPU.Build.0 = Release|Any CPU
		{0C330C44-8224-463A-A572-A962BD01ADBF}.Debug|Any CPU.ActiveCfg = Debug|Any CPU
		{0C330C44-8224-463A-A572-A962BD01ADBF}.Debug|Any CPU.Build.0 = Debug|Any CPU
		{0C330C44-8224-463A-A572-A962BD01ADBF}.Release|Any CPU.ActiveCfg = Release|Any CPU
		{0C330C44-8224-463A-A572-A962BD01ADBF}.Release|Any CPU.Build.0 = Release|Any CPU
		{53259183-0444-4256-A993-55E4E3D80409}.Debug|Any CPU.ActiveCfg = Debug|Any CPU
		{53259183-0444-4256-A993-55E4E3D80409}.Debug|Any CPU.Build.0 = Debug|Any CPU
		{53259183-0444-4256-A993-55E4E3D80409}.Release|Any CPU.ActiveCfg = Release|Any CPU
		{53259183-0444-4256-A993-55E4E3D80409}.Release|Any CPU.Build.0 = Release|Any CPU
		{8ACCBA96-BA46-439D-86CC-826E1B03673F}.Debug|Any CPU.ActiveCfg = Debug|Any CPU
		{8ACCBA96-BA46-439D-86CC-826E1B03673F}.Debug|Any CPU.Build.0 = Debug|Any CPU
		{8ACCBA96-BA46-439D-86CC-826E1B03673F}.Release|Any CPU.ActiveCfg = Release|Any CPU
		{8ACCBA96-BA46-439D-86CC-826E1B03673F}.Release|Any CPU.Build.0 = Release|Any CPU
		{D95A7ADE-9532-4CDA-9577-F5BBC4B2B3B5}.Debug|Any CPU.ActiveCfg = Debug|Any CPU
		{D95A7ADE-9532-4CDA-9577-F5BBC4B2B3B5}.Debug|Any CPU.Build.0 = Debug|Any CPU
		{D95A7ADE-9532-4CDA-9577-F5BBC4B2B3B5}.Release|Any CPU.ActiveCfg = Release|Any CPU
		{D95A7ADE-9532-4CDA-9577-F5BBC4B2B3B5}.Release|Any CPU.Build.0 = Release|Any CPU
		{958F842D-C748-40F0-B0D4-1A2C54CB070B}.Debug|Any CPU.ActiveCfg = Debug|Any CPU
		{958F842D-C748-40F0-B0D4-1A2C54CB070B}.Debug|Any CPU.Build.0 = Debug|Any CPU
		{958F842D-C748-40F0-B0D4-1A2C54CB070B}.Release|Any CPU.ActiveCfg = Release|Any CPU
		{958F842D-C748-40F0-B0D4-1A2C54CB070B}.Release|Any CPU.Build.0 = Release|Any CPU
		{896246BD-905D-4A62-90D2-54664A158656}.Debug|Any CPU.ActiveCfg = Debug|Any CPU
		{896246BD-905D-4A62-90D2-54664A158656}.Debug|Any CPU.Build.0 = Debug|Any CPU
		{896246BD-905D-4A62-90D2-54664A158656}.Release|Any CPU.ActiveCfg = Release|Any CPU
		{896246BD-905D-4A62-90D2-54664A158656}.Release|Any CPU.Build.0 = Release|Any CPU
	EndGlobalSection
	GlobalSection(SolutionProperties) = preSolution
		HideSolutionNode = FALSE
	EndGlobalSection
	GlobalSection(ExtensibilityGlobals) = postSolution
		SolutionGuid = {8F0E0599-3516-40BE-BC8F-80FC14A9ABA0}
	EndGlobalSection
EndGlobal
